
Microsoft Visual Studio Solution File, Format Version 12.00
# Visual Studio Version 17
VisualStudioVersion = 17.9.34728.123
MinimumVisualStudioVersion = 10.0.40219.1
Project("{FAE04EC0-301F-11D3-BF4B-00C04F79EFBC}") = "CacheUp", "CacheUp.csproj", "{28B85E19-2300-438F-BFCF-D2419AD52D57}"
EndProject
Global
	GlobalSection(SolutionConfigurationPlatforms) = preSolution
		Debug|Any CPU = Debug|Any CPU
		Release|Any CPU = Release|Any CPU
	EndGlobalSection
	GlobalSection(ProjectConfigurationPlatforms) = postSolution
		{28B85E19-2300-438F-BFCF-D2419AD52D57}.Debug|Any CPU.ActiveCfg = Debug|Any CPU
		{28B85E19-2300-438F-BFCF-D2419AD52D57}.Debug|Any CPU.Build.0 = Debug|Any CPU
		{28B85E19-2300-438F-BFCF-D2419AD52D57}.Release|Any CPU.ActiveCfg = Release|Any CPU
		{28B85E19-2300-438F-BFCF-D2419AD52D57}.Release|Any CPU.Build.0 = Release|Any CPU
	EndGlobalSection
	GlobalSection(SolutionProperties) = preSolution
		HideSolutionNode = FALSE
	EndGlobalSection
	GlobalSection(ExtensibilityGlobals) = postSolution
		SolutionGuid = {4B439445-3B9F-485A-BD84-25D7C08B94AB}
	EndGlobalSection
EndGlobal
